
Microsoft Visual Studio Solution File, Format Version 12.00
# Visual Studio 14
VisualStudioVersion = 14.0.25420.1
MinimumVisualStudioVersion = 10.0.40219.1
Project("{8BC9CEB8-8B4A-11D0-8D11-00A0C91BC942}") = "root_app", "root_app.vcxproj", "{6AC6E85B-2059-4F1D-BDD7-11DB2D8B6706}"
EndProject
Project("{8BC9CEB8-8B4A-11D0-8D11-00A0C91BC942}") = "child_lib", "..\child_lib\child_lib\child_lib.vcxproj", "{622A7CF0-713E-47FD-A6BA-683BFA89821A}"
EndProject
Global
	GlobalSection(SolutionConfigurationPlatforms) = preSolution
		Debug|x64 = Debug|x64
		Debug|x86 = Debug|x86
		Release|x64 = Release|x64
		Release|x86 = Release|x86
	EndGlobalSection
	GlobalSection(ProjectConfigurationPlatforms) = postSolution
		{6AC6E85B-2059-4F1D-BDD7-11DB2D8B6706}.Debug|x64.ActiveCfg = Debug|x64
		{6AC6E85B-2059-4F1D-BDD7-11DB2D8B6706}.Debug|x64.Build.0 = Debug|x64
		{6AC6E85B-2059-4F1D-BDD7-11DB2D8B6706}.Debug|x86.ActiveCfg = Debug|Win32
		{6AC6E85B-2059-4F1D-BDD7-11DB2D8B6706}.Debug|x86.Build.0 = Debug|Win32
		{6AC6E85B-2059-4F1D-BDD7-11DB2D8B6706}.Release|x64.ActiveCfg = Release|x64
		{6AC6E85B-2059-4F1D-BDD7-11DB2D8B6706}.Release|x64.Build.0 = Release|x64
		{6AC6E85B-2059-4F1D-BDD7-11DB2D8B6706}.Release|x86.ActiveCfg = Release|Win32
		{6AC6E85B-2059-4F1D-BDD7-11DB2D8B6706}.Release|x86.Build.0 = Release|Win32
		{622A7CF0-713E-47FD-A6BA-683BFA89821A}.Debug|x64.ActiveCfg = Debug|x64
		{622A7CF0-713E-47FD-A6BA-683BFA89821A}.Debug|x64.Build.0 = Debug|x64
		{622A7CF0-713E-47FD-A6BA-683BFA89821A}.Debug|x86.ActiveCfg = Debug|Win32
		{622A7CF0-713E-47FD-A6BA-683BFA89821A}.Debug|x86.Build.0 = Debug|Win32
		{622A7CF0-713E-47FD-A6BA-683BFA89821A}.Release|x64.ActiveCfg = Release|x64
		{622A7CF0-713E-47FD-A6BA-683BFA89821A}.Release|x64.Build.0 = Release|x64
		{622A7CF0-713E-47FD-A6BA-683BFA89821A}.Release|x86.ActiveCfg = Release|Win32
		{622A7CF0-713E-47FD-A6BA-683BFA89821A}.Release|x86.Build.0 = Release|Win32
	EndGlobalSection
	GlobalSection(SolutionProperties) = preSolution
		HideSolutionNode = FALSE
	EndGlobalSection
EndGlobal
